
Microsoft Visual Studio Solution File, Format Version 12.00
# Visual Studio Version 17
VisualStudioVersion = 17.6.33829.357
MinimumVisualStudioVersion = 10.0.40219.1
Project("{9A19103F-16F7-4668-BE54-9A1E7A4F7556}") = "PatchGenerator", "PatchGenerator\PatchGenerator.csproj", "{963C09BF-0A7B-426A-B97C-E3B74B24A4B6}"
	ProjectSection(ProjectDependencies) = postProject
		{C6196601-8E08-424A-B180-6B9C07AEE68A} = {C6196601-8E08-424A-B180-6B9C07AEE68A}
	EndProjectSection
EndProject
Project("{9A19103F-16F7-4668-BE54-9A1E7A4F7556}") = "Patcher", "Patcher\Patcher.csproj", "{1AE86A04-6F78-4ACB-82F7-74EF1B15873D}"
	ProjectSection(ProjectDependencies) = postProject
		{C6196601-8E08-424A-B180-6B9C07AEE68A} = {C6196601-8E08-424A-B180-6B9C07AEE68A}
	EndProjectSection
EndProject
Project("{FAE04EC0-301F-11D3-BF4B-00C04F79EFBC}") = "UniversalPatcherCommon", "UniversalPatcherCommon\UniversalPatcherCommon.csproj", "{C6196601-8E08-424A-B180-6B9C07AEE68A}"
EndProject
Global
	GlobalSection(SolutionConfigurationPlatforms) = preSolution
		Debug|Any CPU = Debug|Any CPU
		Release|Any CPU = Release|Any CPU
	EndGlobalSection
	GlobalSection(ProjectConfigurationPlatforms) = postSolution
		{963C09BF-0A7B-426A-B97C-E3B74B24A4B6}.Debug|Any CPU.ActiveCfg = Debug|Any CPU
		{963C09BF-0A7B-426A-B97C-E3B74B24A4B6}.Debug|Any CPU.Build.0 = Debug|Any CPU
		{963C09BF-0A7B-426A-B97C-E3B74B24A4B6}.Release|Any CPU.ActiveCfg = Release|Any CPU
		{963C09BF-0A7B-426A-B97C-E3B74B24A4B6}.Release|Any CPU.Build.0 = Release|Any CPU
		{1AE86A04-6F78-4ACB-82F7-74EF1B15873D}.Debug|Any CPU.ActiveCfg = Debug|Any CPU
		{1AE86A04-6F78-4ACB-82F7-74EF1B15873D}.Debug|Any CPU.Build.0 = Debug|Any CPU
		{1AE86A04-6F78-4ACB-82F7-74EF1B15873D}.Release|Any CPU.ActiveCfg = Release|Any CPU
		{1AE86A04-6F78-4ACB-82F7-74EF1B15873D}.Release|Any CPU.Build.0 = Release|Any CPU
		{C6196601-8E08-424A-B180-6B9C07AEE68A}.Debug|Any CPU.ActiveCfg = Debug|Any CPU
		{C6196601-8E08-424A-B180-6B9C07AEE68A}.Debug|Any CPU.Build.0 = Debug|Any CPU
		{C6196601-8E08-424A-B180-6B9C07AEE68A}.Release|Any CPU.ActiveCfg = Release|Any CPU
		{C6196601-8E08-424A-B180-6B9C07AEE68A}.Release|Any CPU.Build.0 = Release|Any CPU
	EndGlobalSection
	GlobalSection(SolutionProperties) = preSolution
		HideSolutionNode = FALSE
	EndGlobalSection
	GlobalSection(ExtensibilityGlobals) = postSolution
		SolutionGuid = {7AB454D8-F454-48F0-AAB9-1ACBD37F4D08}
	EndGlobalSection
EndGlobal
